
Microsoft Visual Studio Solution File, Format Version 12.00
# Visual Studio Version 16
VisualStudioVersion = 16.0.29613.14
MinimumVisualStudioVersion = 10.0.40219.1
Project("{9A19103F-16F7-4668-BE54-9A1E7A4F7556}") = "Data", "Data\Data.csproj", "{CB3157CB-3DA2-43B0-B070-384563442FF9}"
EndProject
Project("{9A19103F-16F7-4668-BE54-9A1E7A4F7556}") = "Domain", "Domain\Domain.csproj", "{E57C74CA-755A-43EA-A4A9-76B8A9FBF599}"
EndProject
Project("{9A19103F-16F7-4668-BE54-9A1E7A4F7556}") = "Facade", "Facade\Facade.csproj", "{12485EF3-9A42-45A0-B842-6B801A9B0887}"
EndProject
Project("{9A19103F-16F7-4668-BE54-9A1E7A4F7556}") = "Infra", "Infra\Infra.csproj", "{F17D0127-C96F-4435-B9D1-702D9D805C5F}"
EndProject
Project("{9A19103F-16F7-4668-BE54-9A1E7A4F7556}") = "Pages", "Pages\Pages.csproj", "{51613A9F-DC84-47A6-AC0F-FF12B59BD431}"
EndProject
Project("{9A19103F-16F7-4668-BE54-9A1E7A4F7556}") = "Soft", "Soft\Soft.csproj", "{4CDD6949-3FD8-4085-B6B9-9BA422139FED}"
EndProject
Project("{9A19103F-16F7-4668-BE54-9A1E7A4F7556}") = "Tests", "Tests\Tests.csproj", "{FC118C92-51A3-4E6F-BB24-028CAD3420DE}"
EndProject
Project("{9A19103F-16F7-4668-BE54-9A1E7A4F7556}") = "Aids", "Aids\Aids.csproj", "{AB9021B5-AC18-4EE1-8E47-D51FDDA76149}"
EndProject
Project("{FAE04EC0-301F-11D3-BF4B-00C04F79EFBC}") = "Core", "Core\Core.csproj", "{EA82F5A9-A414-4A33-A1D5-F20BF679AEDF}"
EndProject
Global
	GlobalSection(SolutionConfigurationPlatforms) = preSolution
		Debug|Any CPU = Debug|Any CPU
		Release|Any CPU = Release|Any CPU
	EndGlobalSection
	GlobalSection(ProjectConfigurationPlatforms) = postSolution
		{CB3157CB-3DA2-43B0-B070-384563442FF9}.Debug|Any CPU.ActiveCfg = Debug|Any CPU
		{CB3157CB-3DA2-43B0-B070-384563442FF9}.Debug|Any CPU.Build.0 = Debug|Any CPU
		{CB3157CB-3DA2-43B0-B070-384563442FF9}.Release|Any CPU.ActiveCfg = Release|Any CPU
		{CB3157CB-3DA2-43B0-B070-384563442FF9}.Release|Any CPU.Build.0 = Release|Any CPU
		{E57C74CA-755A-43EA-A4A9-76B8A9FBF599}.Debug|Any CPU.ActiveCfg = Debug|Any CPU
		{E57C74CA-755A-43EA-A4A9-76B8A9FBF599}.Debug|Any CPU.Build.0 = Debug|Any CPU
		{E57C74CA-755A-43EA-A4A9-76B8A9FBF599}.Release|Any CPU.ActiveCfg = Release|Any CPU
		{E57C74CA-755A-43EA-A4A9-76B8A9FBF599}.Release|Any CPU.Build.0 = Release|Any CPU
		{12485EF3-9A42-45A0-B842-6B801A9B0887}.Debug|Any CPU.ActiveCfg = Debug|Any CPU
		{12485EF3-9A42-45A0-B842-6B801A9B0887}.Debug|Any CPU.Build.0 = Debug|Any CPU
		{12485EF3-9A42-45A0-B842-6B801A9B0887}.Release|Any CPU.ActiveCfg = Release|Any CPU
		{12485EF3-9A42-45A0-B842-6B801A9B0887}.Release|Any CPU.Build.0 = Release|Any CPU
		{F17D0127-C96F-4435-B9D1-702D9D805C5F}.Debug|Any CPU.ActiveCfg = Debug|Any CPU
		{F17D0127-C96F-4435-B9D1-702D9D805C5F}.Debug|Any CPU.Build.0 = Debug|Any CPU
		{F17D0127-C96F-4435-B9D1-702D9D805C5F}.Release|Any CPU.ActiveCfg = Release|Any CPU
		{F17D0127-C96F-4435-B9D1-702D9D805C5F}.Release|Any CPU.Build.0 = Release|Any CPU
		{51613A9F-DC84-47A6-AC0F-FF12B59BD431}.Debug|Any CPU.ActiveCfg = Debug|Any CPU
		{51613A9F-DC84-47A6-AC0F-FF12B59BD431}.Debug|Any CPU.Build.0 = Debug|Any CPU
		{51613A9F-DC84-47A6-AC0F-FF12B59BD431}.Release|Any CPU.ActiveCfg = Release|Any CPU
		{51613A9F-DC84-47A6-AC0F-FF12B59BD431}.Release|Any CPU.Build.0 = Release|Any CPU
		{4CDD6949-3FD8-4085-B6B9-9BA422139FED}.Debug|Any CPU.ActiveCfg = Debug|Any CPU
		{4CDD6949-3FD8-4085-B6B9-9BA422139FED}.Debug|Any CPU.Build.0 = Debug|Any CPU
		{4CDD6949-3FD8-4085-B6B9-9BA422139FED}.Release|Any CPU.ActiveCfg = Release|Any CPU
		{4CDD6949-3FD8-4085-B6B9-9BA422139FED}.Release|Any CPU.Build.0 = Release|Any CPU
		{FC118C92-51A3-4E6F-BB24-028CAD3420DE}.Debug|Any CPU.ActiveCfg = Debug|Any CPU
		{FC118C92-51A3-4E6F-BB24-028CAD3420DE}.Debug|Any CPU.Build.0 = Debug|Any CPU
		{FC118C92-51A3-4E6F-BB24-028CAD3420DE}.Release|Any CPU.ActiveCfg = Release|Any CPU
		{FC118C92-51A3-4E6F-BB24-028CAD3420DE}.Release|Any CPU.Build.0 = Release|Any CPU
		{AB9021B5-AC18-4EE1-8E47-D51FDDA76149}.Debug|Any CPU.ActiveCfg = Debug|Any CPU
		{AB9021B5-AC18-4EE1-8E47-D51FDDA76149}.Debug|Any CPU.Build.0 = Debug|Any CPU
		{AB9021B5-AC18-4EE1-8E47-D51FDDA76149}.Release|Any CPU.ActiveCfg = Release|Any CPU
		{AB9021B5-AC18-4EE1-8E47-D51FDDA76149}.Release|Any CPU.Build.0 = Release|Any CPU
		{EA82F5A9-A414-4A33-A1D5-F20BF679AEDF}.Debug|Any CPU.ActiveCfg = Debug|Any CPU
		{EA82F5A9-A414-4A33-A1D5-F20BF679AEDF}.Debug|Any CPU.Build.0 = Debug|Any CPU
		{EA82F5A9-A414-4A33-A1D5-F20BF679AEDF}.Release|Any CPU.ActiveCfg = Release|Any CPU
		{EA82F5A9-A414-4A33-A1D5-F20BF679AEDF}.Release|Any CPU.Build.0 = Release|Any CPU
	EndGlobalSection
	GlobalSection(SolutionProperties) = preSolution
		HideSolutionNode = FALSE
	EndGlobalSection
	GlobalSection(ExtensibilityGlobals) = postSolution
		SolutionGuid = {FE5980EB-1579-43CB-B8D5-8BE63937893C}
	EndGlobalSection
EndGlobal
